
Microsoft Visual Studio Solution File, Format Version 12.00
# Visual Studio 15
VisualStudioVersion = 15.0.28307.489
MinimumVisualStudioVersion = 10.0.40219.1
Project("{2150E333-8FDC-42A3-9474-1A3956D46DE8}") = "doc", "doc", "{027EDD48-87FF-49DD-BBC3-511BB2372869}"
	ProjectSection(SolutionItems) = preProject
		..\readme.md = ..\readme.md
	EndProjectSection
EndProject
Project("{FAE04EC0-301F-11D3-BF4B-00C04F79EFBC}") = "PictureServices", "PictureServices\PictureServices.csproj", "{D834E0D2-8F99-4391-94A5-875D49539AA9}"
EndProject
Project("{FAE04EC0-301F-11D3-BF4B-00C04F79EFBC}") = "PictureServices.Shared", "PictureServices.Shared\PictureServices.Shared.csproj", "{613575B8-4808-40E8-A792-0714121A5BB9}"
EndProject
Project("{FAE04EC0-301F-11D3-BF4B-00C04F79EFBC}") = "PictureServices.Api", "PictureServices.Api\PictureServices.Api.csproj", "{B25FC3C4-D306-4276-AD30-C1DADBA05869}"
EndProject
Project("{FAE04EC0-301F-11D3-BF4B-00C04F79EFBC}") = "DemoClient", "DemoClient\DemoClient.csproj", "{829A65BA-F191-46E5-9293-64E01865685B}"
EndProject
Global
	GlobalSection(SolutionConfigurationPlatforms) = preSolution
		Debug|Any CPU = Debug|Any CPU
		Release|Any CPU = Release|Any CPU
	EndGlobalSection
	GlobalSection(ProjectConfigurationPlatforms) = postSolution
		{D834E0D2-8F99-4391-94A5-875D49539AA9}.Debug|Any CPU.ActiveCfg = Debug|Any CPU
		{D834E0D2-8F99-4391-94A5-875D49539AA9}.Debug|Any CPU.Build.0 = Debug|Any CPU
		{D834E0D2-8F99-4391-94A5-875D49539AA9}.Release|Any CPU.ActiveCfg = Release|Any CPU
		{D834E0D2-8F99-4391-94A5-875D49539AA9}.Release|Any CPU.Build.0 = Release|Any CPU
		{613575B8-4808-40E8-A792-0714121A5BB9}.Debug|Any CPU.ActiveCfg = Debug|Any CPU
		{613575B8-4808-40E8-A792-0714121A5BB9}.Debug|Any CPU.Build.0 = Debug|Any CPU
		{613575B8-4808-40E8-A792-0714121A5BB9}.Release|Any CPU.ActiveCfg = Release|Any CPU
		{613575B8-4808-40E8-A792-0714121A5BB9}.Release|Any CPU.Build.0 = Release|Any CPU
		{B25FC3C4-D306-4276-AD30-C1DADBA05869}.Debug|Any CPU.ActiveCfg = Debug|Any CPU
		{B25FC3C4-D306-4276-AD30-C1DADBA05869}.Debug|Any CPU.Build.0 = Debug|Any CPU
		{B25FC3C4-D306-4276-AD30-C1DADBA05869}.Release|Any CPU.ActiveCfg = Release|Any CPU
		{B25FC3C4-D306-4276-AD30-C1DADBA05869}.Release|Any CPU.Build.0 = Release|Any CPU
		{829A65BA-F191-46E5-9293-64E01865685B}.Debug|Any CPU.ActiveCfg = Debug|Any CPU
		{829A65BA-F191-46E5-9293-64E01865685B}.Debug|Any CPU.Build.0 = Debug|Any CPU
		{829A65BA-F191-46E5-9293-64E01865685B}.Release|Any CPU.ActiveCfg = Release|Any CPU
		{829A65BA-F191-46E5-9293-64E01865685B}.Release|Any CPU.Build.0 = Release|Any CPU
	EndGlobalSection
	GlobalSection(SolutionProperties) = preSolution
		HideSolutionNode = FALSE
	EndGlobalSection
	GlobalSection(ExtensibilityGlobals) = postSolution
		SolutionGuid = {C15D5D5A-B1FB-4C85-954D-9F6A8F3D52F7}
	EndGlobalSection
EndGlobal
